
Microsoft Visual Studio Solution File, Format Version 12.00
# Visual Studio 15
Project("{FAE04EC0-301F-11D3-BF4B-00C04F79EFBC}") = "Assembly-CSharp", "Assembly-CSharp.csproj", "{FD3654D8-C773-8D6F-9F5B-973B77289964}"
EndProject
Global
	GlobalSection(SolutionConfigurationPlatforms) = preSolution
		Debug|Any CPU = Debug|Any CPU
		Release|Any CPU = Release|Any CPU
	EndGlobalSection
	GlobalSection(ProjectConfigurationPlatforms) = postSolution
		{FD3654D8-C773-8D6F-9F5B-973B77289964}.Debug|Any CPU.ActiveCfg = Debug|Any CPU
		{FD3654D8-C773-8D6F-9F5B-973B77289964}.Debug|Any CPU.Build.0 = Debug|Any CPU
		{FD3654D8-C773-8D6F-9F5B-973B77289964}.Release|Any CPU.ActiveCfg = Release|Any CPU
		{FD3654D8-C773-8D6F-9F5B-973B77289964}.Release|Any CPU.Build.0 = Release|Any CPU
	EndGlobalSection
	GlobalSection(SolutionProperties) = preSolution
		HideSolutionNode = FALSE
	EndGlobalSection
EndGlobal
